// !$*UTF8*$!
{
	archiveVersion = 1;
	classes = {
	};
	objectVersion = 55;
	objects = {

/* Begin PBXBuildFile section */
		137C3331282D279A003B907E /* AppDelegate.swift in Sources */ = {isa = PBXBuildFile; fileRef = 137C3330282D279A003B907E /* AppDelegate.swift */; };
		137C3333282D279A003B907E /* SceneDelegate.swift in Sources */ = {isa = PBXBuildFile; fileRef = 137C3332282D279A003B907E /* SceneDelegate.swift */; };
		137C3335282D279A003B907E /* ViewController.swift in Sources */ = {isa = PBXBuildFile; fileRef = 137C3334282D279A003B907E /* ViewController.swift */; };
		137C3338282D279A003B907E /* Main.storyboard in Resources */ = {isa = PBXBuildFile; fileRef = 137C3336282D279A003B907E /* Main.storyboard */; };
		137C333A282D279C003B907E /* Assets.xcassets in Resources */ = {isa = PBXBuildFile; fileRef = 137C3339282D279C003B907E /* Assets.xcassets */; };
		137C333D282D279C003B907E /* LaunchScreen.storyboard in Resources */ = {isa = PBXBuildFile; fileRef = 137C333B282D279C003B907E /* LaunchScreen.storyboard */; };
		137C3348282D279D003B907E /* EMICalculatorTests.swift in Sources */ = {isa = PBXBuildFile; fileRef = 137C3347282D279D003B907E /* EMICalculatorTests.swift */; };
		137C3352282D279D003B907E /* EMICalculatorUITests.swift in Sources */ = {isa = PBXBuildFile; fileRef = 137C3351282D279D003B907E /* EMICalculatorUITests.swift */; };
		137C3354282D279D003B907E /* EMICalculatorUITestsLaunchTests.swift in Sources */ = {isa = PBXBuildFile; fileRef = 137C3353282D279D003B907E /* EMICalculatorUITestsLaunchTests.swift */; };
/* End PBXBuildFile section */

/* Begin PBXContainerItemProxy section */
		137C3344282D279D003B907E /* PBXContainerItemProxy */ = {
			isa = PBXContainerItemProxy;
			containerPortal = 137C3325282D279A003B907E /* Project object */;
			proxyType = 1;
			remoteGlobalIDString = 137C332C282D279A003B907E;
			remoteInfo = EMICalculator;
		};
		137C334E282D279D003B907E /* PBXContainerItemProxy */ = {
			isa = PBXContainerItemProxy;
			containerPortal = 137C3325282D279A003B907E /* Project object */;
			proxyType = 1;
			remoteGlobalIDString = 137C332C282D279A003B907E;
			remoteInfo = EMICalculator;
		};
/* End PBXContainerItemProxy section */

/* Begin PBXFileReference section */
		137C332D282D279A003B907E /* EMICalculator.app */ = {isa = PBXFileReference; explicitFileType = wrapper.application; includeInIndex = 0; path = EMICalculator.app; sourceTree = BUILT_PRODUCTS_DIR; };
		137C3330282D279A003B907E /* AppDelegate.swift */ = {isa = PBXFileReference; lastKnownFileType = sourcecode.swift; path = AppDelegate.swift; sourceTree = "<group>"; };
		137C3332282D279A003B907E /* SceneDelegate.swift */ = {isa = PBXFileReference; lastKnownFileType = sourcecode.swift; path = SceneDelegate.swift; sourceTree = "<group>"; };
		137C3334282D279A003B907E /* ViewController.swift */ = {isa = PBXFileReference; lastKnownFileType = sourcecode.swift; path = ViewController.swift; sourceTree = "<group>"; };
		137C3337282D279A003B907E /* Base */ = {isa = PBXFileReference; lastKnownFileType = file.storyboard; name = Base; path = Base.lproj/Main.storyboard; sourceTree = "<group>"; };
		137C3339282D279C003B907E /* Assets.xcassets */ = {isa = PBXFileReference; lastKnownFileType = folder.assetcatalog; path = Assets.xcassets; sourceTree = "<group>"; };
		137C333C282D279C003B907E /* Base */ = {isa = PBXFileReference; lastKnownFileType = file.storyboard; name = Base; path = Base.lproj/LaunchScreen.storyboard; sourceTree = "<group>"; };
		137C333E282D279C003B907E /* Info.plist */ = {isa = PBXFileReference; lastKnownFileType = text.plist.xml; path = Info.plist; sourceTree = "<group>"; };
		137C3343282D279D003B907E /* EMICalculatorTests.xctest */ = {isa = PBXFileReference; explicitFileType = wrapper.cfbundle; includeInIndex = 0; path = EMICalculatorTests.xctest; sourceTree = BUILT_PRODUCTS_DIR; };
		137C3347282D279D003B907E /* EMICalculatorTests.swift */ = {isa = PBXFileReference; lastKnownFileType = sourcecode.swift; path = EMICalculatorTests.swift; sourceTree = "<group>"; };
		137C334D282D279D003B907E /* EMICalculatorUITests.xctest */ = {isa = PBXFileReference; explicitFileType = wrapper.cfbundle; includeInIndex = 0; path = EMICalculatorUITests.xctest; sourceTree = BUILT_PRODUCTS_DIR; };
		137C3351282D279D003B907E /* EMICalculatorUITests.swift */ = {isa = PBXFileReference; lastKnownFileType = sourcecode.swift; path = EMICalculatorUITests.swift; sourceTree = "<group>"; };
		137C3353282D279D003B907E /* EMICalculatorUITestsLaunchTests.swift */ = {isa = PBXFileReference; lastKnownFileType = sourcecode.swift; path = EMICalculatorUITestsLaunchTests.swift; sourceTree = "<group>"; };
/* End PBXFileReference section */

/* Begin PBXFrameworksBuildPhase section */
		137C332A282D279A003B907E /* Frameworks */ = {
			isa = PBXFrameworksBuildPhase;
			buildActionMask = 2147483647;
			files = (
			);
			runOnlyForDeploymentPostprocessing = 0;
		};
		137C3340282D279D003B907E /* Frameworks */ = {
			isa = PBXFrameworksBuildPhase;
			buildActionMask = 2147483647;
			files = (
			);
			runOnlyForDeploymentPostprocessing = 0;
		};
		137C334A282D279D003B907E /* Frameworks */ = {
			isa = PBXFrameworksBuildPhase;
			buildActionMask = 2147483647;
			files = (
			);
			runOnlyForDeploymentPostprocessing = 0;
		};
/* End PBXFrameworksBuildPhase section */

/* Begin PBXGroup section */
		137C3324282D279A003B907E = {
			isa = PBXGroup;
			children = (
				137C332F282D279A003B907E /* EMICalculator */,
				137C3346282D279D003B907E /* EMICalculatorTests */,
				137C3350282D279D003B907E /* EMICalculatorUITests */,
				137C332E282D279A003B907E /* Products */,
			);
			sourceTree = "<group>";
		};
		137C332E282D279A003B907E /* Products */ = {
			isa = PBXGroup;
			children = (
				137C332D282D279A003B907E /* EMICalculator.app */,
				137C3343282D279D003B907E /* EMICalculatorTests.xctest */,
				137C334D282D279D003B907E /* EMICalculatorUITests.xctest */,
			);
			name = Products;
			sourceTree = "<group>";
		};
		137C332F282D279A003B907E /* EMICalculator */ = {
			isa = PBXGroup;
			children = (
				137C3330282D279A003B907E /* AppDelegate.swift */,
				137C3332282D279A003B907E /* SceneDelegate.swift */,
				137C3334282D279A003B907E /* ViewController.swift */,
				137C3336282D279A003B907E /* Main.storyboard */,
				137C3339282D279C003B907E /* Assets.xcassets */,
				137C333B282D279C003B907E /* LaunchScreen.storyboard */,
				137C333E282D279C003B907E /* Info.plist */,
			);
			path = EMICalculator;
			sourceTree = "<group>";
		};
		137C3346282D279D003B907E /* EMICalculatorTests */ = {
			isa = PBXGroup;
			children = (
				137C3347282D279D003B907E /* EMICalculatorTests.swift */,
			);
			path = EMICalculatorTests;
			sourceTree = "<group>";
		};
		137C3350282D279D003B907E /* EMICalculatorUITests */ = {
			isa = PBXGroup;
			children = (
				137C3351282D279D003B907E /* EMICalculatorUITests.swift */,
				137C3353282D279D003B907E /* EMICalculatorUITestsLaunchTests.swift */,
			);
			path = EMICalculatorUITests;
			sourceTree = "<group>";
		};
/* End PBXGroup section */

/* Begin PBXNativeTarget section */
		137C332C282D279A003B907E /* EMICalculator */ = {
			isa = PBXNativeTarget;
			buildConfigurationList = 137C3357282D279D003B907E /* Build configuration list for PBXNativeTarget "EMICalculator" */;
			buildPhases = (
				137C3329282D279A003B907E /* Sources */,
				137C332A282D279A003B907E /* Frameworks */,
				137C332B282D279A003B907E /* Resources */,
			);
			buildRules = (
			);
			dependencies = (
			);
			name = EMICalculator;
			productName = EMICalculator;
			productReference = 137C332D282D279A003B907E /* EMICalculator.app */;
			productType = "com.apple.product-type.application";
		};
		137C3342282D279D003B907E /* EMICalculatorTests */ = {
			isa = PBXNativeTarget;
			buildConfigurationList = 137C335A282D279D003B907E /* Build configuration list for PBXNativeTarget "EMICalculatorTests" */;
			buildPhases = (
				137C333F282D279D003B907E /* Sources */,
				137C3340282D279D003B907E /* Frameworks */,
				137C3341282D279D003B907E /* Resources */,
			);
			buildRules = (
			);
			dependencies = (
				137C3345282D279D003B907E /* PBXTargetDependency */,
			);
			name = EMICalculatorTests;
			productName = EMICalculatorTests;
			productReference = 137C3343282D279D003B907E /* EMICalculatorTests.xctest */;
			productType = "com.apple.product-type.bundle.unit-test";
		};
		137C334C282D279D003B907E /* EMICalculatorUITests */ = {
			isa = PBXNativeTarget;
			buildConfigurationList = 137C335D282D279D003B907E /* Build configuration list for PBXNativeTarget "EMICalculatorUITests" */;
			buildPhases = (
				137C3349282D279D003B907E /* Sources */,
				137C334A282D279D003B907E /* Frameworks */,
				137C334B282D279D003B907E /* Resources */,
			);
			buildRules = (
			);
			dependencies = (
				137C334F282D279D003B907E /* PBXTargetDependency */,
			);
			name = EMICalculatorUITests;
			productName = EMICalculatorUITests;
			productReference = 137C334D282D279D003B907E /* EMICalculatorUITests.xctest */;
			productType = "com.apple.product-type.bundle.ui-testing";
		};
/* End PBXNativeTarget section */

/* Begin PBXProject section */
		137C3325282D279A003B907E /* Project object */ = {
			isa = PBXProject;
			attributes = {
				BuildIndependentTargetsInParallel = 1;
				LastSwiftUpdateCheck = 1330;
				LastUpgradeCheck = 1330;
				TargetAttributes = {
					137C332C282D279A003B907E = {
						CreatedOnToolsVersion = 13.3.1;
					};
					137C3342282D279D003B907E = {
						CreatedOnToolsVersion = 13.3.1;
						TestTargetID = 137C332C282D279A003B907E;
					};
					137C334C282D279D003B907E = {
						CreatedOnToolsVersion = 13.3.1;
						TestTargetID = 137C332C282D279A003B907E;
					};
				};
			};
			buildConfigurationList = 137C3328282D279A003B907E /* Build configuration list for PBXProject "EMICalculator" */;
			compatibilityVersion = "Xcode 13.0";
			developmentRegion = en;
			hasScannedForEncodings = 0;
			knownRegions = (
				en,
				Base,
			);
			mainGroup = 137C3324282D279A003B907E;
			productRefGroup = 137C332E282D279A003B907E /* Products */;
			projectDirPath = "";
			projectRoot = "";
			targets = (
				137C332C282D279A003B907E /* EMICalculator */,
				137C3342282D279D003B907E /* EMICalculatorTests */,
				137C334C282D279D003B907E /* EMICalculatorUITests */,
			);
		};
/* End PBXProject section */

/* Begin PBXResourcesBuildPhase section */
		137C332B282D279A003B907E /* Resources */ = {
			isa = PBXResourcesBuildPhase;
			buildActionMask = 2147483647;
			files = (
				137C333D282D279C003B907E /* LaunchScreen.storyboard in Resources */,
				137C333A282D279C003B907E /* Assets.xcassets in Resources */,
				137C3338282D279A003B907E /* Main.storyboard in Resources */,
			);
			runOnlyForDeploymentPostprocessing = 0;
		};
		137C3341282D279D003B907E /* Resources */ = {
			isa = PBXResourcesBuildPhase;
			buildActionMask = 2147483647;
			files = (
			);
			runOnlyForDeploymentPostprocessing = 0;
		};
		137C334B282D279D003B907E /* Resources */ = {
			isa = PBXResourcesBuildPhase;
			buildActionMask = 2147483647;
			files = (
			);
			runOnlyForDeploymentPostprocessing = 0;
		};
/* End PBXResourcesBuildPhase section */

/* Begin PBXSourcesBuildPhase section */
		137C3329282D279A003B907E /* Sources */ = {
			isa = PBXSourcesBuildPhase;
			buildActionMask = 2147483647;
			files = (
				137C3335282D279A003B907E /* ViewController.swift in Sources */,
				137C3331282D279A003B907E /* AppDelegate.swift in Sources */,
				137C3333282D279A003B907E /* SceneDelegate.swift in Sources */,
			);
			runOnlyForDeploymentPostprocessing = 0;
		};
		137C333F282D279D003B907E /* Sources */ = {
			isa = PBXSourcesBuildPhase;
			buildActionMask = 2147483647;
			files = (
				137C3348282D279D003B907E /* EMICalculatorTests.swift in Sources */,
			);
			runOnlyForDeploymentPostprocessing = 0;
		};
		137C3349282D279D003B907E /* Sources */ = {
			isa = PBXSourcesBuildPhase;
			buildActionMask = 2147483647;
			files = (
				137C3354282D279D003B907E /* EMICalculatorUITestsLaunchTests.swift in Sources */,
				137C3352282D279D003B907E /* EMICalculatorUITests.swift in Sources */,
			);
			runOnlyForDeploymentPostprocessing = 0;
		};
/* End PBXSourcesBuildPhase section */

/* Begin PBXTargetDependency section */
		137C3345282D279D003B907E /* PBXTargetDependency */ = {
			isa = PBXTargetDependency;
			target = 137C332C282D279A003B907E /* EMICalculator */;
			targetProxy = 137C3344282D279D003B907E /* PBXContainerItemProxy */;
		};
		137C334F282D279D003B907E /* PBXTargetDependency */ = {
			isa = PBXTargetDependency;
			target = 137C332C282D279A003B907E /* EMICalculator */;
			targetProxy = 137C334E282D279D003B907E /* PBXContainerItemProxy */;
		};
/* End PBXTargetDependency section */

/* Begin PBXVariantGroup section */
		137C3336282D279A003B907E /* Main.storyboard */ = {
			isa = PBXVariantGroup;
			children = (
				137C3337282D279A003B907E /* Base */,
			);
			name = Main.storyboard;
			sourceTree = "<group>";
		};
		137C333B282D279C003B907E /* LaunchScreen.storyboard */ = {
			isa = PBXVariantGroup;
			children = (
				137C333C282D279C003B907E /* Base */,
			);
			name = LaunchScreen.storyboard;
			sourceTree = "<group>";
		};
/* End PBXVariantGroup section */

/* Begin XCBuildConfiguration section */
		137C3355282D279D003B907E /* Debug */ = {
			isa = XCBuildConfiguration;
			buildSettings = {
				ALWAYS_SEARCH_USER_PATHS = NO;
				CLANG_ANALYZER_NONNULL = YES;
				CLANG_ANALYZER_NUMBER_OBJECT_CONVERSION = YES_AGGRESSIVE;
				CLANG_CXX_LANGUAGE_STANDARD = "gnu++17";
				CLANG_ENABLE_MODULES = YES;
				CLANG_ENABLE_OBJC_ARC = YES;
				CLANG_ENABLE_OBJC_WEAK = YES;
				CLANG_WARN_BLOCK_CAPTURE_AUTORELEASING = YES;
				CLANG_WARN_BOOL_CONVERSION = YES;
				CLANG_WARN_COMMA = YES;
				CLANG_WARN_CONSTANT_CONVERSION = YES;
				CLANG_WARN_DEPRECATED_OBJC_IMPLEMENTATIONS = YES;
				CLANG_WARN_DIRECT_OBJC_ISA_USAGE = YES_ERROR;
				CLANG_WARN_DOCUMENTATION_COMMENTS = YES;
				CLANG_WARN_EMPTY_BODY = YES;
				CLANG_WARN_ENUM_CONVERSION = YES;
				CLANG_WARN_INFINITE_RECURSION = YES;
				CLANG_WARN_INT_CONVERSION = YES;
				CLANG_WARN_NON_LITERAL_NULL_CONVERSION = YES;
				CLANG_WARN_OBJC_IMPLICIT_RETAIN_SELF = YES;
				CLANG_WARN_OBJC_LITERAL_CONVERSION = YES;
				CLANG_WARN_OBJC_ROOT_CLASS = YES_ERROR;
				CLANG_WARN_QUOTED_INCLUDE_IN_FRAMEWORK_HEADER = YES;
				CLANG_WARN_RANGE_LOOP_ANALYSIS = YES;
				CLANG_WARN_STRICT_PROTOTYPES = YES;
				CLANG_WARN_SUSPICIOUS_MOVE = YES;
				CLANG_WARN_UNGUARDED_AVAILABILITY = YES_AGGRESSIVE;
				CLANG_WARN_UNREACHABLE_CODE = YES;
				CLANG_WARN__DUPLICATE_METHOD_MATCH = YES;
				COPY_PHASE_STRIP = NO;
				DEBUG_INFORMATION_FORMAT = dwarf;
				ENABLE_STRICT_OBJC_MSGSEND = YES;
				ENABLE_TESTABILITY = YES;
				GCC_C_LANGUAGE_STANDARD = gnu11;
				GCC_DYNAMIC_NO_PIC = NO;
				GCC_NO_COMMON_BLOCKS = YES;
				GCC_OPTIMIZATION_LEVEL = 0;
				GCC_PREPROCESSOR_DEFINITIONS = (
					"DEBUG=1",
					"$(inherited)",
				);
				GCC_WARN_64_TO_32_BIT_CONVERSION = YES;
				GCC_WARN_ABOUT_RETURN_TYPE = YES_ERROR;
				GCC_WARN_UNDECLARED_SELECTOR = YES;
				GCC_WARN_UNINITIALIZED_AUTOS = YES_AGGRESSIVE;
				GCC_WARN_UNUSED_FUNCTION = YES;
				GCC_WARN_UNUSED_VARIABLE = YES;
				IPHONEOS_DEPLOYMENT_TARGET = 15.4;
				MTL_ENABLE_DEBUG_INFO = INCLUDE_SOURCE;
				MTL_FAST_MATH = YES;
				ONLY_ACTIVE_ARCH = YES;
				SDKROOT = iphoneos;
				SWIFT_ACTIVE_COMPILATION_CONDITIONS = DEBUG;
				SWIFT_OPTIMIZATION_LEVEL = "-Onone";
			};
			name = Debug;
		};
		137C3356282D279D003B907E /* Release */ = {
			isa = XCBuildConfiguration;
			buildSettings = {
				ALWAYS_SEARCH_USER_PATHS = NO;
				CLANG_ANALYZER_NONNULL = YES;
				CLANG_ANALYZER_NUMBER_OBJECT_CONVERSION = YES_AGGRESSIVE;
				CLANG_CXX_LANGUAGE_STANDARD = "gnu++17";
				CLANG_ENABLE_MODULES = YES;
				CLANG_ENABLE_OBJC_ARC = YES;
				CLANG_ENABLE_OBJC_WEAK = YES;
				CLANG_WARN_BLOCK_CAPTURE_AUTORELEASING = YES;
				CLANG_WARN_BOOL_CONVERSION = YES;
				CLANG_WARN_COMMA = YES;
				CLANG_WARN_CONSTANT_CONVERSION = YES;
				CLANG_WARN_DEPRECATED_OBJC_IMPLEMENTATIONS = YES;
				CLANG_WARN_DIRECT_OBJC_ISA_USAGE = YES_ERROR;
				CLANG_WARN_DOCUMENTATION_COMMENTS = YES;
				CLANG_WARN_EMPTY_BODY = YES;
				CLANG_WARN_ENUM_CONVERSION = YES;
				CLANG_WARN_INFINITE_RECURSION = YES;
				CLANG_WARN_INT_CONVERSION = YES;
				CLANG_WARN_NON_LITERAL_NULL_CONVERSION = YES;
				CLANG_WARN_OBJC_IMPLICIT_RETAIN_SELF = YES;
				CLANG_WARN_OBJC_LITERAL_CONVERSION = YES;
				CLANG_WARN_OBJC_ROOT_CLASS = YES_ERROR;
				CLANG_WARN_QUOTED_INCLUDE_IN_FRAMEWORK_HEADER = YES;
				CLANG_WARN_RANGE_LOOP_ANALYSIS = YES;
				CLANG_WARN_STRICT_PROTOTYPES = YES;
				CLANG_WARN_SUSPICIOUS_MOVE = YES;
				CLANG_WARN_UNGUARDED_AVAILABILITY = YES_AGGRESSIVE;
				CLANG_WARN_UNREACHABLE_CODE = YES;
				CLANG_WARN__DUPLICATE_METHOD_MATCH = YES;
				COPY_PHASE_STRIP = NO;
				DEBUG_INFORMATION_FORMAT = "dwarf-with-dsym";
				ENABLE_NS_ASSERTIONS = NO;
				ENABLE_STRICT_OBJC_MSGSEND = YES;
				GCC_C_LANGUAGE_STANDARD = gnu11;
				GCC_NO_COMMON_BLOCKS = YES;
				GCC_WARN_64_TO_32_BIT_CONVERSION = YES;
				GCC_WARN_ABOUT_RETURN_TYPE = YES_ERROR;
				GCC_WARN_UNDECLARED_SELECTOR = YES;
				GCC_WARN_UNINITIALIZED_AUTOS = YES_AGGRESSIVE;
				GCC_WARN_UNUSED_FUNCTION = YES;
				GCC_WARN_UNUSED_VARIABLE = YES;
				IPHONEOS_DEPLOYMENT_TARGET = 15.4;
				MTL_ENABLE_DEBUG_INFO = NO;
				MTL_FAST_MATH = YES;
				SDKROOT = iphoneos;
				SWIFT_COMPILATION_MODE = wholemodule;
				SWIFT_OPTIMIZATION_LEVEL = "-O";
				VALIDATE_PRODUCT = YES;
			};
			name = Release;
		};
		137C3358282D279D003B907E /* Debug */ = {
			isa = XCBuildConfiguration;
			buildSettings = {
				ASSETCATALOG_COMPILER_APPICON_NAME = AppIcon;
				ASSETCATALOG_COMPILER_GLOBAL_ACCENT_COLOR_NAME = AccentColor;
				CODE_SIGN_STYLE = Automatic;
				CURRENT_PROJECT_VERSION = 1;
				DEVELOPMENT_TEAM = L5N6T4GFYK;
				GENERATE_INFOPLIST_FILE = YES;
				INFOPLIST_FILE = EMICalculator/Info.plist;
				INFOPLIST_KEY_UIApplicationSupportsIndirectInputEvents = YES;
				INFOPLIST_KEY_UILaunchStoryboardName = LaunchScreen;
				INFOPLIST_KEY_UIMainStoryboardFile = Main;
				INFOPLIST_KEY_UISupportedInterfaceOrientations_iPad = "UIInterfaceOrientationPortrait UIInterfaceOrientationPortraitUpsideDown UIInterfaceOrientationLandscapeLeft UIInterfaceOrientationLandscapeRight";
				INFOPLIST_KEY_UISupportedInterfaceOrientations_iPhone = "UIInterfaceOrientationPortrait UIInterfaceOrientationLandscapeLeft UIInterfaceOrientationLandscapeRight";
				LD_RUNPATH_SEARCH_PATHS = (
					"$(inherited)",
					"@executable_path/Frameworks",
				);
				MARKETING_VERSION = 1.0;
				PRODUCT_BUNDLE_IDENTIFIER = com.EMICalculator.karan.EMICalculator;
				PRODUCT_NAME = "$(TARGET_NAME)";
				SWIFT_EMIT_LOC_STRINGS = YES;
				SWIFT_VERSION = 5.0;
				TARGETED_DEVICE_FAMILY = "1,2";
			};
			name = Debug;
		};
		137C3359282D279D003B907E /* Release */ = {
			isa = XCBuildConfiguration;
			buildSettings = {
				ASSETCATALOG_COMPILER_APPICON_NAME = AppIcon;
				ASSETCATALOG_COMPILER_GLOBAL_ACCENT_COLOR_NAME = AccentColor;
				CODE_SIGN_STYLE = Automatic;
				CURRENT_PROJECT_VERSION = 1;
				DEVELOPMENT_TEAM = L5N6T4GFYK;
				GENERATE_INFOPLIST_FILE = YES;
				INFOPLIST_FILE = EMICalculator/Info.plist;
				INFOPLIST_KEY_UIApplicationSupportsIndirectInputEvents = YES;
				INFOPLIST_KEY_UILaunchStoryboardName = LaunchScreen;
				INFOPLIST_KEY_UIMainStoryboardFile = Main;
				INFOPLIST_KEY_UISupportedInterfaceOrientations_iPad = "UIInterfaceOrientationPortrait UIInterfaceOrientationPortraitUpsideDown UIInterfaceOrientationLandscapeLeft UIInterfaceOrientationLandscapeRight";
				INFOPLIST_KEY_UISupportedInterfaceOrientations_iPhone = "UIInterfaceOrientationPortrait UIInterfaceOrientationLandscapeLeft UIInterfaceOrientationLandscapeRight";
				LD_RUNPATH_SEARCH_PATHS = (
					"$(inherited)",
					"@executable_path/Frameworks",
				);
				MARKETING_VERSION = 1.0;
				PRODUCT_BUNDLE_IDENTIFIER = com.EMICalculator.karan.EMICalculator;
				PRODUCT_NAME = "$(TARGET_NAME)";
				SWIFT_EMIT_LOC_STRINGS = YES;
				SWIFT_VERSION = 5.0;
				TARGETED_DEVICE_FAMILY = "1,2";
			};
			name = Release;
		};
		137C335B282D279D003B907E /* Debug */ = {
			isa = XCBuildConfiguration;
			buildSettings = {
				ALWAYS_EMBED_SWIFT_STANDARD_LIBRARIES = YES;
				BUNDLE_LOADER = "$(TEST_HOST)";
				CODE_SIGN_STYLE = Automatic;
				CURRENT_PROJECT_VERSION = 1;
				DEVELOPMENT_TEAM = L5N6T4GFYK;
				GENERATE_INFOPLIST_FILE = YES;
				IPHONEOS_DEPLOYMENT_TARGET = 15.4;
				MARKETING_VERSION = 1.0;
				PRODUCT_BUNDLE_IDENTIFIER = com.EMICalculator.karan.EMICalculatorTests;
				PRODUCT_NAME = "$(TARGET_NAME)";
				SWIFT_EMIT_LOC_STRINGS = NO;
				SWIFT_VERSION = 5.0;
				TARGETED_DEVICE_FAMILY = "1,2";
				TEST_HOST = "$(BUILT_PRODUCTS_DIR)/EMICalculator.app/EMICalculator";
			};
			name = Debug;
		};
		137C335C282D279D003B907E /* Release */ = {
			isa = XCBuildConfiguration;
			buildSettings = {
				ALWAYS_EMBED_SWIFT_STANDARD_LIBRARIES = YES;
				BUNDLE_LOADER = "$(TEST_HOST)";
				CODE_SIGN_STYLE = Automatic;
				CURRENT_PROJECT_VERSION = 1;
				DEVELOPMENT_TEAM = L5N6T4GFYK;
				GENERATE_INFOPLIST_FILE = YES;
				IPHONEOS_DEPLOYMENT_TARGET = 15.4;
				MARKETING_VERSION = 1.0;
				PRODUCT_BUNDLE_IDENTIFIER = com.EMICalculator.karan.EMICalculatorTests;
				PRODUCT_NAME = "$(TARGET_NAME)";
				SWIFT_EMIT_LOC_STRINGS = NO;
				SWIFT_VERSION = 5.0;
				TARGETED_DEVICE_FAMILY = "1,2";
				TEST_HOST = "$(BUILT_PRODUCTS_DIR)/EMICalculator.app/EMICalculator";
			};
			name = Release;
		};
		137C335E282D279D003B907E /* Debug */ = {
			isa = XCBuildConfiguration;
			buildSettings = {
				ALWAYS_EMBED_SWIFT_STANDARD_LIBRARIES = YES;
				CODE_SIGN_STYLE = Automatic;
				CURRENT_PROJECT_VERSION = 1;
				DEVELOPMENT_TEAM = L5N6T4GFYK;
				GENERATE_INFOPLIST_FILE = YES;
				MARKETING_VERSION = 1.0;
				PRODUCT_BUNDLE_IDENTIFIER = com.EMICalculator.karan.EMICalculatorUITests;
				PRODUCT_NAME = "$(TARGET_NAME)";
				SWIFT_EMIT_LOC_STRINGS = NO;
				SWIFT_VERSION = 5.0;
				TARGETED_DEVICE_FAMILY = "1,2";
				TEST_TARGET_NAME = EMICalculator;
			};
			name = Debug;
		};
		137C335F282D279D003B907E /* Release */ = {
			isa = XCBuildConfiguration;
			buildSettings = {
				ALWAYS_EMBED_SWIFT_STANDARD_LIBRARIES = YES;
				CODE_SIGN_STYLE = Automatic;
				CURRENT_PROJECT_VERSION = 1;
				DEVELOPMENT_TEAM = L5N6T4GFYK;
				GENERATE_INFOPLIST_FILE = YES;
				MARKETING_VERSION = 1.0;
				PRODUCT_BUNDLE_IDENTIFIER = com.EMICalculator.karan.EMICalculatorUITests;
				PRODUCT_NAME = "$(TARGET_NAME)";
				SWIFT_EMIT_LOC_STRINGS = NO;
				SWIFT_VERSION = 5.0;
				TARGETED_DEVICE_FAMILY = "1,2";
				TEST_TARGET_NAME = EMICalculator;
			};
			name = Release;
		};
/* End XCBuildConfiguration section */

/* Begin XCConfigurationList section */
		137C3328282D279A003B907E /* Build configuration list for PBXProject "EMICalculator" */ = {
			isa = XCConfigurationList;
			buildConfigurations = (
				137C3355282D279D003B907E /* Debug */,
				137C3356282D279D003B907E /* Release */,
			);
			defaultConfigurationIsVisible = 0;
			defaultConfigurationName = Release;
		};
		137C3357282D279D003B907E /* Build configuration list for PBXNativeTarget "EMICalculator" */ = {
			isa = XCConfigurationList;
			buildConfigurations = (
				137C3358282D279D003B907E /* Debug */,
				137C3359282D279D003B907E /* Release */,
			);
			defaultConfigurationIsVisible = 0;
			defaultConfigurationName = Release;
		};
		137C335A282D279D003B907E /* Build configuration list for PBXNativeTarget "EMICalculatorTests" */ = {
			isa = XCConfigurationList;
			buildConfigurations = (
				137C335B282D279D003B907E /* Debug */,
				137C335C282D279D003B907E /* Release */,
			);
			defaultConfigurationIsVisible = 0;
			defaultConfigurationName = Release;
		};
		137C335D282D279D003B907E /* Build configuration list for PBXNativeTarget "EMICalculatorUITests" */ = {
			isa = XCConfigurationList;
			buildConfigurations = (
				137C335E282D279D003B907E /* Debug */,
				137C335F282D279D003B907E /* Release */,
			);
			defaultConfigurationIsVisible = 0;
			defaultConfigurationName = Release;
		};
/* End XCConfigurationList section */
	};
	rootObject = 137C3325282D279A003B907E /* Project object */;
}
